// !$*UTF8*$!
{
	archiveVersion = 1;
	classes = {
	};
	objectVersion = 46;
	objects = {

/* Begin PBXBuildFile section */
		37F0D7541BF6DA7B0010C6F0 /* main.m in Sources */ = {isa = PBXBuildFile; fileRef = 37F0D7531BF6DA7B0010C6F0 /* main.m */; };
		37F0D7571BF6DA7B0010C6F0 /* AppDelegate.m in Sources */ = {isa = PBXBuildFile; fileRef = 37F0D7561BF6DA7B0010C6F0 /* AppDelegate.m */; };
		37F0D75A1BF6DA7B0010C6F0 /* ViewController.m in Sources */ = {isa = PBXBuildFile; fileRef = 37F0D7591BF6DA7B0010C6F0 /* ViewController.m */; };
		37F0D75D1BF6DA7B0010C6F0 /* Main.storyboard in Resources */ = {isa = PBXBuildFile; fileRef = 37F0D75B1BF6DA7B0010C6F0 /* Main.storyboard */; };
		37F0D75F1BF6DA7B0010C6F0 /* Assets.xcassets in Resources */ = {isa = PBXBuildFile; fileRef = 37F0D75E1BF6DA7B0010C6F0 /* Assets.xcassets */; };
		37F0D7621BF6DA7B0010C6F0 /* LaunchScreen.storyboard in Resources */ = {isa = PBXBuildFile; fileRef = 37F0D7601BF6DA7B0010C6F0 /* LaunchScreen.storyboard */; };
		C745A6630A3EE53BFBFE3607 /* Pods_MisterFusionObjcSample.framework in Frameworks */ = {isa = PBXBuildFile; fileRef = 6DE518DF4565D942D987CE6E /* Pods_MisterFusionObjcSample.framework */; };
/* End PBXBuildFile section */

/* Begin PBXFileReference section */
		37F0D74F1BF6DA7B0010C6F0 /* MisterFusionObjcSample.app */ = {isa = PBXFileReference; explicitFileType = wrapper.application; includeInIndex = 0; path = MisterFusionObjcSample.app; sourceTree = BUILT_PRODUCTS_DIR; };
		37F0D7531BF6DA7B0010C6F0 /* main.m */ = {isa = PBXFileReference; lastKnownFileType = sourcecode.c.objc; path = main.m; sourceTree = "<group>"; };
		37F0D7551BF6DA7B0010C6F0 /* AppDelegate.h */ = {isa = PBXFileReference; lastKnownFileType = sourcecode.c.h; path = AppDelegate.h; sourceTree = "<group>"; };
		37F0D7561BF6DA7B0010C6F0 /* AppDelegate.m */ = {isa = PBXFileReference; lastKnownFileType = sourcecode.c.objc; path = AppDelegate.m; sourceTree = "<group>"; };
		37F0D7581BF6DA7B0010C6F0 /* ViewController.h */ = {isa = PBXFileReference; lastKnownFileType = sourcecode.c.h; path = ViewController.h; sourceTree = "<group>"; };
		37F0D7591BF6DA7B0010C6F0 /* ViewController.m */ = {isa = PBXFileReference; lastKnownFileType = sourcecode.c.objc; path = ViewController.m; sourceTree = "<group>"; };
		37F0D75C1BF6DA7B0010C6F0 /* Base */ = {isa = PBXFileReference; lastKnownFileType = file.storyboard; name = Base; path = Base.lproj/Main.storyboard; sourceTree = "<group>"; };
		37F0D75E1BF6DA7B0010C6F0 /* Assets.xcassets */ = {isa = PBXFileReference; lastKnownFileType = folder.assetcatalog; path = Assets.xcassets; sourceTree = "<group>"; };
		37F0D7611BF6DA7B0010C6F0 /* Base */ = {isa = PBXFileReference; lastKnownFileType = file.storyboard; name = Base; path = Base.lproj/LaunchScreen.storyboard; sourceTree = "<group>"; };
		37F0D7631BF6DA7B0010C6F0 /* Info.plist */ = {isa = PBXFileReference; lastKnownFileType = text.plist.xml; path = Info.plist; sourceTree = "<group>"; };
		4C2B17E8BE6E0F188B608B7B /* Pods-MisterFusionObjcSample.release.xcconfig */ = {isa = PBXFileReference; includeInIndex = 1; lastKnownFileType = text.xcconfig; name = "Pods-MisterFusionObjcSample.release.xcconfig"; path = "Pods/Target Support Files/Pods-MisterFusionObjcSample/Pods-MisterFusionObjcSample.release.xcconfig"; sourceTree = "<group>"; };
		633B8E0064F45F0756F37732 /* Pods-MisterFusionObjcSample.debug.xcconfig */ = {isa = PBXFileReference; includeInIndex = 1; lastKnownFileType = text.xcconfig; name = "Pods-MisterFusionObjcSample.debug.xcconfig"; path = "Pods/Target Support Files/Pods-MisterFusionObjcSample/Pods-MisterFusionObjcSample.debug.xcconfig"; sourceTree = "<group>"; };
		6DE518DF4565D942D987CE6E /* Pods_MisterFusionObjcSample.framework */ = {isa = PBXFileReference; explicitFileType = wrapper.framework; includeInIndex = 0; path = Pods_MisterFusionObjcSample.framework; sourceTree = BUILT_PRODUCTS_DIR; };
/* End PBXFileReference section */

/* Begin PBXFrameworksBuildPhase section */
		37F0D74C1BF6DA7B0010C6F0 /* Frameworks */ = {
			isa = PBXFrameworksBuildPhase;
			buildActionMask = 2147483647;
			files = (
				C745A6630A3EE53BFBFE3607 /* Pods_MisterFusionObjcSample.framework in Frameworks */,
			);
			runOnlyForDeploymentPostprocessing = 0;
		};
/* End PBXFrameworksBuildPhase section */

/* Begin PBXGroup section */
		37F0D7461BF6DA7B0010C6F0 = {
			isa = PBXGroup;
			children = (
				37F0D7511BF6DA7B0010C6F0 /* MisterFusionObjcSample */,
				37F0D7501BF6DA7B0010C6F0 /* Products */,
				919744B422D1BE71DBC628D9 /* Pods */,
				EA2CBBEAFD2EA9B9F016CDC0 /* Frameworks */,
			);
			sourceTree = "<group>";
		};
		37F0D7501BF6DA7B0010C6F0 /* Products */ = {
			isa = PBXGroup;
			children = (
				37F0D74F1BF6DA7B0010C6F0 /* MisterFusionObjcSample.app */,
			);
			name = Products;
			sourceTree = "<group>";
		};
		37F0D7511BF6DA7B0010C6F0 /* MisterFusionObjcSample */ = {
			isa = PBXGroup;
			children = (
				37F0D7551BF6DA7B0010C6F0 /* AppDelegate.h */,
				37F0D7561BF6DA7B0010C6F0 /* AppDelegate.m */,
				37F0D7581BF6DA7B0010C6F0 /* ViewController.h */,
				37F0D7591BF6DA7B0010C6F0 /* ViewController.m */,
				37F0D75B1BF6DA7B0010C6F0 /* Main.storyboard */,
				37F0D75E1BF6DA7B0010C6F0 /* Assets.xcassets */,
				37F0D7601BF6DA7B0010C6F0 /* LaunchScreen.storyboard */,
				37F0D7631BF6DA7B0010C6F0 /* Info.plist */,
				37F0D7521BF6DA7B0010C6F0 /* Supporting Files */,
			);
			path = MisterFusionObjcSample;
			sourceTree = "<group>";
		};
		37F0D7521BF6DA7B0010C6F0 /* Supporting Files */ = {
			isa = PBXGroup;
			children = (
				37F0D7531BF6DA7B0010C6F0 /* main.m */,
			);
			name = "Supporting Files";
			sourceTree = "<group>";
		};
		919744B422D1BE71DBC628D9 /* Pods */ = {
			isa = PBXGroup;
			children = (
				633B8E0064F45F0756F37732 /* Pods-MisterFusionObjcSample.debug.xcconfig */,
				4C2B17E8BE6E0F188B608B7B /* Pods-MisterFusionObjcSample.release.xcconfig */,
			);
			name = Pods;
			sourceTree = "<group>";
		};
		EA2CBBEAFD2EA9B9F016CDC0 /* Frameworks */ = {
			isa = PBXGroup;
			children = (
				6DE518DF4565D942D987CE6E /* Pods_MisterFusionObjcSample.framework */,
			);
			name = Frameworks;
			sourceTree = "<group>";
		};
/* End PBXGroup section */

/* Begin PBXNativeTarget section */
		37F0D74E1BF6DA7B0010C6F0 /* MisterFusionObjcSample */ = {
			isa = PBXNativeTarget;
			buildConfigurationList = 37F0D7661BF6DA7B0010C6F0 /* Build configuration list for PBXNativeTarget "MisterFusionObjcSample" */;
			buildPhases = (
				518FD264AC616EEB2BDE8F61 /* Check Pods Manifest.lock */,
				37F0D74B1BF6DA7B0010C6F0 /* Sources */,
				37F0D74C1BF6DA7B0010C6F0 /* Frameworks */,
				37F0D74D1BF6DA7B0010C6F0 /* Resources */,
				31E44E68EF4F3FA4DC7C20C5 /* Embed Pods Frameworks */,
				9AAD626F32F2079BA54AD39E /* Copy Pods Resources */,
			);
			buildRules = (
			);
			dependencies = (
			);
			name = MisterFusionObjcSample;
			productName = MisterFusionObjcSample;
			productReference = 37F0D74F1BF6DA7B0010C6F0 /* MisterFusionObjcSample.app */;
			productType = "com.apple.product-type.application";
		};
/* End PBXNativeTarget section */

/* Begin PBXProject section */
		37F0D7471BF6DA7B0010C6F0 /* Project object */ = {
			isa = PBXProject;
			attributes = {
				LastUpgradeCheck = 0710;
				ORGANIZATIONNAME = "Taiki Suzuki";
				TargetAttributes = {
					37F0D74E1BF6DA7B0010C6F0 = {
						CreatedOnToolsVersion = 7.1;
					};
				};
			};
			buildConfigurationList = 37F0D74A1BF6DA7B0010C6F0 /* Build configuration list for PBXProject "MisterFusionObjcSample" */;
			compatibilityVersion = "Xcode 3.2";
			developmentRegion = English;
			hasScannedForEncodings = 0;
			knownRegions = (
				en,
				Base,
			);
			mainGroup = 37F0D7461BF6DA7B0010C6F0;
			productRefGroup = 37F0D7501BF6DA7B0010C6F0 /* Products */;
			projectDirPath = "";
			projectRoot = "";
			targets = (
				37F0D74E1BF6DA7B0010C6F0 /* MisterFusionObjcSample */,
			);
		};
/* End PBXProject section */

/* Begin PBXResourcesBuildPhase section */
		37F0D74D1BF6DA7B0010C6F0 /* Resources */ = {
			isa = PBXResourcesBuildPhase;
			buildActionMask = 2147483647;
			files = (
				37F0D7621BF6DA7B0010C6F0 /* LaunchScreen.storyboard in Resources */,
				37F0D75F1BF6DA7B0010C6F0 /* Assets.xcassets in Resources */,
				37F0D75D1BF6DA7B0010C6F0 /* Main.storyboard in Resources */,
			);
			runOnlyForDeploymentPostprocessing = 0;
		};
/* End PBXResourcesBuildPhase section */

/* Begin PBXShellScriptBuildPhase section */
		31E44E68EF4F3FA4DC7C20C5 /* Embed Pods Frameworks */ = {
			isa = PBXShellScriptBuildPhase;
			buildActionMask = 2147483647;
			files = (
			);
			inputPaths = (
			);
			name = "Embed Pods Frameworks";
			outputPaths = (
			);
			runOnlyForDeploymentPostprocessing = 0;
			shellPath = /bin/sh;
			shellScript = "\"${SRCROOT}/Pods/Target Support Files/Pods-MisterFusionObjcSample/Pods-MisterFusionObjcSample-frameworks.sh\"\n";
			showEnvVarsInLog = 0;
		};
		518FD264AC616EEB2BDE8F61 /* Check Pods Manifest.lock */ = {
			isa = PBXShellScriptBuildPhase;
			buildActionMask = 2147483647;
			files = (
			);
			inputPaths = (
			);
			name = "Check Pods Manifest.lock";
			outputPaths = (
			);
			runOnlyForDeploymentPostprocessing = 0;
			shellPath = /bin/sh;
			shellScript = "diff \"${PODS_ROOT}/../Podfile.lock\" \"${PODS_ROOT}/Manifest.lock\" > /dev/null\nif [[ $? != 0 ]] ; then\n    cat << EOM\nerror: The sandbox is not in sync with the Podfile.lock. Run 'pod install' or update your CocoaPods installation.\nEOM\n    exit 1\nfi\n";
			showEnvVarsInLog = 0;
		};
		9AAD626F32F2079BA54AD39E /* Copy Pods Resources */ = {
			isa = PBXShellScriptBuildPhase;
			buildActionMask = 2147483647;
			files = (
			);
			inputPaths = (
			);
			name = "Copy Pods Resources";
			outputPaths = (
			);
			runOnlyForDeploymentPostprocessing = 0;
			shellPath = /bin/sh;
			shellScript = "\"${SRCROOT}/Pods/Target Support Files/Pods-MisterFusionObjcSample/Pods-MisterFusionObjcSample-resources.sh\"\n";
			showEnvVarsInLog = 0;
		};
/* End PBXShellScriptBuildPhase section */

/* Begin PBXSourcesBuildPhase section */
		37F0D74B1BF6DA7B0010C6F0 /* Sources */ = {
			isa = PBXSourcesBuildPhase;
			buildActionMask = 2147483647;
			files = (
				37F0D75A1BF6DA7B0010C6F0 /* ViewController.m in Sources */,
				37F0D7571BF6DA7B0010C6F0 /* AppDelegate.m in Sources */,
				37F0D7541BF6DA7B0010C6F0 /* main.m in Sources */,
			);
			runOnlyForDeploymentPostprocessing = 0;
		};
/* End PBXSourcesBuildPhase section */

/* Begin PBXVariantGroup section */
		37F0D75B1BF6DA7B0010C6F0 /* Main.storyboard */ = {
			isa = PBXVariantGroup;
			children = (
				37F0D75C1BF6DA7B0010C6F0 /* Base */,
			);
			name = Main.storyboard;
			sourceTree = "<group>";
		};
		37F0D7601BF6DA7B0010C6F0 /* LaunchScreen.storyboard */ = {
			isa = PBXVariantGroup;
			children = (
				37F0D7611BF6DA7B0010C6F0 /* Base */,
			);
			name = LaunchScreen.storyboard;
			sourceTree = "<group>";
		};
/* End PBXVariantGroup section */

/* Begin XCBuildConfiguration section */
		37F0D7641BF6DA7B0010C6F0 /* Debug */ = {
			isa = XCBuildConfiguration;
			buildSettings = {
				ALWAYS_SEARCH_USER_PATHS = NO;
				CLANG_CXX_LANGUAGE_STANDARD = "gnu++0x";
				CLANG_CXX_LIBRARY = "libc++";
				CLANG_ENABLE_MODULES = YES;
				CLANG_ENABLE_OBJC_ARC = YES;
				CLANG_WARN_BOOL_CONVERSION = YES;
				CLANG_WARN_CONSTANT_CONVERSION = YES;
				CLANG_WARN_DIRECT_OBJC_ISA_USAGE = YES_ERROR;
				CLANG_WARN_EMPTY_BODY = YES;
				CLANG_WARN_ENUM_CONVERSION = YES;
				CLANG_WARN_INT_CONVERSION = YES;
				CLANG_WARN_OBJC_ROOT_CLASS = YES_ERROR;
				CLANG_WARN_UNREACHABLE_CODE = YES;
				CLANG_WARN__DUPLICATE_METHOD_MATCH = YES;
				"CODE_SIGN_IDENTITY[sdk=iphoneos*]" = "iPhone Developer";
				COPY_PHASE_STRIP = NO;
				DEBUG_INFORMATION_FORMAT = dwarf;
				ENABLE_STRICT_OBJC_MSGSEND = YES;
				ENABLE_TESTABILITY = YES;
				GCC_C_LANGUAGE_STANDARD = gnu99;
				GCC_DYNAMIC_NO_PIC = NO;
				GCC_NO_COMMON_BLOCKS = YES;
				GCC_OPTIMIZATION_LEVEL = 0;
				GCC_PREPROCESSOR_DEFINITIONS = (
					"DEBUG=1",
					"$(inherited)",
				);
				GCC_WARN_64_TO_32_BIT_CONVERSION = YES;
				GCC_WARN_ABOUT_RETURN_TYPE = YES_ERROR;
				GCC_WARN_UNDECLARED_SELECTOR = YES;
				GCC_WARN_UNINITIALIZED_AUTOS = YES_AGGRESSIVE;
				GCC_WARN_UNUSED_FUNCTION = YES;
				GCC_WARN_UNUSED_VARIABLE = YES;
				IPHONEOS_DEPLOYMENT_TARGET = 9.1;
				MTL_ENABLE_DEBUG_INFO = YES;
				ONLY_ACTIVE_ARCH = YES;
				SDKROOT = iphoneos;
			};
			name = Debug;
		};
		37F0D7651BF6DA7B0010C6F0 /* Release */ = {
			isa = XCBuildConfiguration;
			buildSettings = {
				ALWAYS_SEARCH_USER_PATHS = NO;
				CLANG_CXX_LANGUAGE_STANDARD = "gnu++0x";
				CLANG_CXX_LIBRARY = "libc++";
				CLANG_ENABLE_MODULES = YES;
				CLANG_ENABLE_OBJC_ARC = YES;
				CLANG_WARN_BOOL_CONVERSION = YES;
				CLANG_WARN_CONSTANT_CONVERSION = YES;
				CLANG_WARN_DIRECT_OBJC_ISA_USAGE = YES_ERROR;
				CLANG_WARN_EMPTY_BODY = YES;
				CLANG_WARN_ENUM_CONVERSION = YES;
				CLANG_WARN_INT_CONVERSION = YES;
				CLANG_WARN_OBJC_ROOT_CLASS = YES_ERROR;
				CLANG_WARN_UNREACHABLE_CODE = YES;
				CLANG_WARN__DUPLICATE_METHOD_MATCH = YES;
				"CODE_SIGN_IDENTITY[sdk=iphoneos*]" = "iPhone Developer";
				COPY_PHASE_STRIP = NO;
				DEBUG_INFORMATION_FORMAT = "dwarf-with-dsym";
				ENABLE_NS_ASSERTIONS = NO;
				ENABLE_STRICT_OBJC_MSGSEND = YES;
				GCC_C_LANGUAGE_STANDARD = gnu99;
				GCC_NO_COMMON_BLOCKS = YES;
				GCC_WARN_64_TO_32_BIT_CONVERSION = YES;
				GCC_WARN_ABOUT_RETURN_TYPE = YES_ERROR;
				GCC_WARN_UNDECLARED_SELECTOR = YES;
				GCC_WARN_UNINITIALIZED_AUTOS = YES_AGGRESSIVE;
				GCC_WARN_UNUSED_FUNCTION = YES;
				GCC_WARN_UNUSED_VARIABLE = YES;
				IPHONEOS_DEPLOYMENT_TARGET = 9.1;
				MTL_ENABLE_DEBUG_INFO = NO;
				SDKROOT = iphoneos;
				VALIDATE_PRODUCT = YES;
			};
			name = Release;
		};
		37F0D7671BF6DA7B0010C6F0 /* Debug */ = {
			isa = XCBuildConfiguration;
			baseConfigurationReference = 633B8E0064F45F0756F37732 /* Pods-MisterFusionObjcSample.debug.xcconfig */;
			buildSettings = {
				ASSETCATALOG_COMPILER_APPICON_NAME = AppIcon;
				INFOPLIST_FILE = MisterFusionObjcSample/Info.plist;
				LD_RUNPATH_SEARCH_PATHS = "$(inherited) @executable_path/Frameworks";
				PRODUCT_BUNDLE_IDENTIFIER = "szk-atmosphere.MisterFusionObjcSample";
				PRODUCT_NAME = "$(TARGET_NAME)";
			};
			name = Debug;
		};
		37F0D7681BF6DA7B0010C6F0 /* Release */ = {
			isa = XCBuildConfiguration;
			baseConfigurationReference = 4C2B17E8BE6E0F188B608B7B /* Pods-MisterFusionObjcSample.release.xcconfig */;
			buildSettings = {
				ASSETCATALOG_COMPILER_APPICON_NAME = AppIcon;
				INFOPLIST_FILE = MisterFusionObjcSample/Info.plist;
				LD_RUNPATH_SEARCH_PATHS = "$(inherited) @executable_path/Frameworks";
				PRODUCT_BUNDLE_IDENTIFIER = "szk-atmosphere.MisterFusionObjcSample";
				PRODUCT_NAME = "$(TARGET_NAME)";
			};
			name = Release;
		};
/* End XCBuildConfiguration section */

/* Begin XCConfigurationList section */
		37F0D74A1BF6DA7B0010C6F0 /* Build configuration list for PBXProject "MisterFusionObjcSample" */ = {
			isa = XCConfigurationList;
			buildConfigurations = (
				37F0D7641BF6DA7B0010C6F0 /* Debug */,
				37F0D7651BF6DA7B0010C6F0 /* Release */,
			);
			defaultConfigurationIsVisible = 0;
			defaultConfigurationName = Release;
		};
		37F0D7661BF6DA7B0010C6F0 /* Build configuration list for PBXNativeTarget "MisterFusionObjcSample" */ = {
			isa = XCConfigurationList;
			buildConfigurations = (
				37F0D7671BF6DA7B0010C6F0 /* Debug */,
				37F0D7681BF6DA7B0010C6F0 /* Release */,
			);
			defaultConfigurationIsVisible = 0;
			defaultConfigurationName = Release;
		};
/* End XCConfigurationList section */
	};
	rootObject = 37F0D7471BF6DA7B0010C6F0 /* Project object */;
}
